lockfileVersion: 5.3

specifiers:
  date-fns: ^2.25.0
  octokit: ^1.7.0

dependencies:
  date-fns: 2.25.0
  octokit: 1.7.0

packages:

  /@octokit/app/12.0.5:
    resolution: {integrity: sha512-lM3pIfx2h+UbvsXHFVs1ApJ9Rmp8LO4ciFSr5q/9MdHmhsH6WtwayieUn875xwB77IoR9r8czxxxASu2WCtdeA==}
    dependencies:
      '@octokit/auth-app': 3.6.1
      '@octokit/auth-unauthenticated': 2.1.0
      '@octokit/core': 3.5.1
      '@octokit/oauth-app': 3.6.0
      '@octokit/plugin-paginate-rest': 2.17.0_@octokit+core@3.5.1
      '@octokit/types': 6.34.0
      '@octokit/webhooks': 9.17.0
    dev: false

  /@octokit/auth-app/3.6.1:
    resolution: {integrity: sha512-6oa6CFphIYI7NxxHrdVOzhG7hkcKyGyYocg7lNDSJVauVOLtylg8hNJzoUyPAYKKK0yUeoZamE/lMs2tG+S+JA==}
    dependencies:
      '@octokit/auth-oauth-app': 4.3.0
      '@octokit/auth-oauth-user': 1.3.0
      '@octokit/request': 5.6.2
      '@octokit/request-error': 2.1.0
      '@octokit/types': 6.34.0
      '@types/lru-cache': 5.1.1
      deprecation: 2.3.1
      lru-cache: 6.0.0
      universal-github-app-jwt: 1.1.0
      universal-user-agent: 6.0.0
    dev: false

  /@octokit/auth-oauth-app/4.3.0:
    resolution: {integrity: sha512-cETmhmOQRHCz6cLP7StThlJROff3A/ln67Q961GuIr9zvyFXZ4lIJy9RE6Uw5O7D8IXWPU3jhDnG47FTSGQr8Q==}
    dependencies:
      '@octokit/auth-oauth-device': 3.1.2
      '@octokit/auth-oauth-user': 1.3.0
      '@octokit/request': 5.6.2
      '@octokit/types': 6.34.0
      '@types/btoa-lite': 1.0.0
      btoa-lite: 1.0.0
      universal-user-agent: 6.0.0
    dev: false

  /@octokit/auth-oauth-device/3.1.2:
    resolution: {integrity: sha512-w7Po4Ck6N2aAn2VQyKLuojruiyKROTBv4qs6IwE5rbwF7HhBXXp4A/NKmkpoFIZkiXQtM+N8QtkSck4ApYWdGg==}
    dependencies:
      '@octokit/oauth-methods': 1.2.6
      '@octokit/request': 5.6.2
      '@octokit/types': 6.34.0
      universal-user-agent: 6.0.0
    dev: false

  /@octokit/auth-oauth-user/1.3.0:
    resolution: {integrity: sha512-3QC/TAdk7onnxfyZ24BnJRfZv8TRzQK7SEFUS9vLng4Vv6Hv6I64ujdk/CUkREec8lhrwU764SZ/d+yrjjqhaQ==}
    dependencies:
      '@octokit/auth-oauth-device': 3.1.2
      '@octokit/oauth-methods': 1.2.6
      '@octokit/request': 5.6.2
      '@octokit/types': 6.34.0
      btoa-lite: 1.0.0
      universal-user-agent: 6.0.0
    dev: false

  /@octokit/auth-token/2.5.0:
    resolution: {integrity: sha512-r5FVUJCOLl19AxiuZD2VRZ/ORjp/4IN98Of6YJoJOkY75CIBuYfmiNHGrDwXr+aLGG55igl9QrxX3hbiXlLb+g==}
    dependencies:
      '@octokit/types': 6.34.0
    dev: false

  /@octokit/auth-unauthenticated/2.1.0:
    resolution: {integrity: sha512-+baofLfSL0CAv3CfGQ9rxiZZQEX8VNJMGuuS4PgrMRBUL52Ho5+hQYb63UJQshw7EXYMPDZxbXznc0y33cbPqw==}
    dependencies:
      '@octokit/request-error': 2.1.0
      '@octokit/types': 6.34.0
    dev: false

  /@octokit/core/3.5.1:
    resolution: {integrity: sha512-omncwpLVxMP+GLpLPgeGJBF6IWJFjXDS5flY5VbppePYX9XehevbDykRH9PdCdvqt9TS5AOTiDide7h0qrkHjw==}
    dependencies:
      '@octokit/auth-token': 2.5.0
      '@octokit/graphql': 4.8.0
      '@octokit/request': 5.6.2
      '@octokit/request-error': 2.1.0
      '@octokit/types': 6.34.0
      before-after-hook: 2.2.2
      universal-user-agent: 6.0.0
    dev: false

  /@octokit/endpoint/6.0.12:
    resolution: {integrity: sha512-lF3puPwkQWGfkMClXb4k/eUT/nZKQfxinRWJrdZaJO85Dqwo/G0yOC434Jr2ojwafWJMYqFGFa5ms4jJUgujdA==}
    dependencies:
      '@octokit/types': 6.34.0
      is-plain-object: 5.0.0
      universal-user-agent: 6.0.0
    dev: false

  /@octokit/graphql/4.8.0:
    resolution: {integrity: sha512-0gv+qLSBLKF0z8TKaSKTsS39scVKF9dbMxJpj3U0vC7wjNWFuIpL/z76Qe2fiuCbDRcJSavkXsVtMS6/dtQQsg==}
    dependencies:
      '@octokit/request': 5.6.2
      '@octokit/types': 6.34.0
      universal-user-agent: 6.0.0
    dev: false

  /@octokit/oauth-app/3.6.0:
    resolution: {integrity: sha512-OxPw4ItQXaC2GuEXyZB7EmZ2rHvNFX4y3yAsqdFIRW7qg2HyoEPxacxza6c8wqbEEvu84b98AJ5BXm+IjPWrww==}
    dependencies:
      '@octokit/auth-oauth-app': 4.3.0
      '@octokit/auth-oauth-user': 1.3.0
      '@octokit/auth-unauthenticated': 2.1.0
      '@octokit/core': 3.5.1
      '@octokit/oauth-authorization-url': 4.3.3
      '@octokit/oauth-methods': 1.2.6
      '@types/aws-lambda': 8.10.85
      fromentries: 1.3.2
      universal-user-agent: 6.0.0
    dev: false

  /@octokit/oauth-authorization-url/4.3.3:
    resolution: {integrity: sha512-lhP/t0i8EwTmayHG4dqLXgU+uPVys4WD/qUNvC+HfB1S1dyqULm5Yx9uKc1x79aP66U1Cb4OZeW8QU/RA9A4XA==}
    dev: false

  /@octokit/oauth-methods/1.2.6:
    resolution: {integrity: sha512-nImHQoOtKnSNn05uk2o76om1tJWiAo4lOu2xMAHYsNr0fwopP+Dv+2MlGvaMMlFjoqVd3fF3X5ZDTKCsqgmUaQ==}
    dependencies:
      '@octokit/oauth-authorization-url': 4.3.3
      '@octokit/request': 5.6.2
      '@octokit/request-error': 2.1.0
      '@octokit/types': 6.34.0
      btoa-lite: 1.0.0
    dev: false

  /@octokit/openapi-types/11.2.0:
    resolution: {integrity: sha512-PBsVO+15KSlGmiI8QAzaqvsNlZlrDlyAJYcrXBCvVUxCp7VnXjkwPoFHgjEJXx3WF9BAwkA6nfCUA7i9sODzKA==}
    dev: false

  /@octokit/plugin-paginate-rest/2.17.0_@octokit+core@3.5.1:
    resolution: {integrity: sha512-tzMbrbnam2Mt4AhuyCHvpRkS0oZ5MvwwcQPYGtMv4tUa5kkzG58SVB0fcsLulOZQeRnOgdkZWkRUiyBlh0Bkyw==}
    peerDependencies:
      '@octokit/core': '>=2'
    dependencies:
      '@octokit/core': 3.5.1
      '@octokit/types': 6.34.0
    dev: false

  /@octokit/plugin-rest-endpoint-methods/5.13.0_@octokit+core@3.5.1:
    resolution: {integrity: sha512-uJjMTkN1KaOIgNtUPMtIXDOjx6dGYysdIFhgA52x4xSadQCz3b/zJexvITDVpANnfKPW/+E0xkOvLntqMYpviA==}
    peerDependencies:
      '@octokit/core': '>=3'
    dependencies:
      '@octokit/core': 3.5.1
      '@octokit/types': 6.34.0
      deprecation: 2.3.1
    dev: false

  /@octokit/plugin-retry/3.0.9:
    resolution: {integrity: sha512-r+fArdP5+TG6l1Rv/C9hVoty6tldw6cE2pRHNGmFPdyfrc696R6JjrQ3d7HdVqGwuzfyrcaLAKD7K8TX8aehUQ==}
    dependencies:
      '@octokit/types': 6.34.0
      bottleneck: 2.19.5
    dev: false

  /@octokit/plugin-throttling/3.5.2_@octokit+core@3.5.1:
    resolution: {integrity: sha512-Eu7kfJxU8vmHqWGNszWpg+GVp2tnAfax3XQV5CkYPEE69C+KvInJXW9WajgSeW+cxYe0UVdouzCtcreGNuJo7A==}
    peerDependencies:
      '@octokit/core': ^3.5.0
    dependencies:
      '@octokit/core': 3.5.1
      '@octokit/types': 6.34.0
      bottleneck: 2.19.5
    dev: false

  /@octokit/request-error/2.1.0:
    resolution: {integrity: sha512-1VIvgXxs9WHSjicsRwq8PlR2LR2x6DwsJAaFgzdi0JfJoGSO8mYI/cHJQ+9FbN21aa+DrgNLnwObmyeSC8Rmpg==}
    dependencies:
      '@octokit/types': 6.34.0
      deprecation: 2.3.1
      once: 1.4.0
    dev: false

  /@octokit/request/5.6.2:
    resolution: {integrity: sha512-je66CvSEVf0jCpRISxkUcCa0UkxmFs6eGDRSbfJtAVwbLH5ceqF+YEyC8lj8ystKyZTy8adWr0qmkY52EfOeLA==}
    dependencies:
      '@octokit/endpoint': 6.0.12
      '@octokit/request-error': 2.1.0
      '@octokit/types': 6.34.0
      is-plain-object: 5.0.0
      node-fetch: 2.6.6
      universal-user-agent: 6.0.0
    dev: false

  /@octokit/types/6.34.0:
    resolution: {integrity: sha512-s1zLBjWhdEI2zwaoSgyOFoKSl109CUcVBCc7biPJ3aAf6LGLU6szDvi31JPU7bxfla2lqfhjbbg/5DdFNxOwHw==}
    dependencies:
      '@octokit/openapi-types': 11.2.0
    dev: false

  /@octokit/webhooks-methods/2.0.0:
    resolution: {integrity: sha512-35cfQ4YWlnZnmZKmIxlGPUPLtbkF8lr/A/1Sk1eC0ddLMwQN06dOuLc+dI3YLQS+T+MoNt3DIQ0NynwgKPilig==}
    dev: false

  /@octokit/webhooks-types/4.12.0:
    resolution: {integrity: sha512-G0k7CoS9bK+OI7kPHgqi1KqK4WhrjDQSjy0wJI+0OTx/xvbHUIZDeqatY60ceeRINP/1ExEk6kTARboP0xavEw==}
    dev: false

  /@octokit/webhooks/9.17.0:
    resolution: {integrity: sha512-/+9WSLuDuoqNWnMY4w6ePioILBqsUOiUt0ygQzugYzd112WB+yPIjmUQjAbNXImDsAa1myLpBICAMQDZlULyAA==}
    dependencies:
      '@octokit/request-error': 2.1.0
      '@octokit/webhooks-methods': 2.0.0
      '@octokit/webhooks-types': 4.12.0
      aggregate-error: 3.1.0
    dev: false

  /@types/aws-lambda/8.10.85:
    resolution: {integrity: sha512-cMRXVxb+NMb6EekKel1fPBfz2ZqE5cGhIS14G7FVUM4Bqilx0lHKnZbsDLWLSeckDpkvlp5six2F7UWyEEJSoQ==}
    dev: false

  /@types/btoa-lite/1.0.0:
    resolution: {integrity: sha512-wJsiX1tosQ+J5+bY5LrSahHxr2wT+uME5UDwdN1kg4frt40euqA+wzECkmq4t5QbveHiJepfdThgQrPw6KiSlg==}
    dev: false

  /@types/jsonwebtoken/8.5.5:
    resolution: {integrity: sha512-OGqtHQ7N5/Ap/TUwO6IgHDuLiAoTmHhGpNvgkCm/F4N6pKzx/RBSfr2OXZSwC6vkfnsEdb6+7DNZVtiXiwdwFw==}
    dependencies:
      '@types/node': 16.11.6
    dev: false

  /@types/lru-cache/5.1.1:
    resolution: {integrity: sha512-ssE3Vlrys7sdIzs5LOxCzTVMsU7i9oa/IaW92wF32JFb3CVczqOkru2xspuKczHEbG3nvmPY7IFqVmGGHdNbYw==}
    dev: false

  /@types/node/16.11.6:
    resolution: {integrity: sha512-ua7PgUoeQFjmWPcoo9khiPum3Pd60k4/2ZGXt18sm2Slk0W0xZTqt5Y0Ny1NyBiN1EVQ/+FaF9NcY4Qe6rwk5w==}
    dev: false

  /aggregate-error/3.1.0:
    resolution: {integrity: sha512-4I7Td01quW/RpocfNayFdFVk1qSuoh0E7JrbRJ16nH01HhKFQ88INq9Sd+nd72zqRySlr9BmDA8xlEJ6vJMrYA==}
    engines: {node: '>=8'}
    dependencies:
      clean-stack: 2.2.0
      indent-string: 4.0.0
    dev: false

  /before-after-hook/2.2.2:
    resolution: {integrity: sha512-3pZEU3NT5BFUo/AD5ERPWOgQOCZITni6iavr5AUw5AUwQjMlI0kzu5btnyD39AF0gUEsDPwJT+oY1ORBJijPjQ==}
    dev: false

  /bottleneck/2.19.5:
    resolution: {integrity: sha512-VHiNCbI1lKdl44tGrhNfU3lup0Tj/ZBMJB5/2ZbNXRCPuRCO7ed2mgcK4r17y+KB2EfuYuRaVlwNbAeaWGSpbw==}
    dev: false

  /btoa-lite/1.0.0:
    resolution: {integrity: sha1-M3dm2hWAEhD92VbCLpxokaudAzc=}
    dev: false

  /buffer-equal-constant-time/1.0.1:
    resolution: {integrity: sha1-+OcRMvf/5uAaXJaXpMbz5I1cyBk=}
    dev: false

  /clean-stack/2.2.0:
    resolution: {integrity: sha512-4diC9HaTE+KRAMWhDhrGOECgWZxoevMc5TlkObMqNSsVU62PYzXZ/SMTjzyGAFF1YusgxGcSWTEXBhp0CPwQ1A==}
    engines: {node: '>=6'}
    dev: false

  /date-fns/2.25.0:
    resolution: {integrity: sha512-ovYRFnTrbGPD4nqaEqescPEv1mNwvt+UTqI3Ay9SzNtey9NZnYu6E2qCcBBgJ6/2VF1zGGygpyTDITqpQQ5e+w==}
    engines: {node: '>=0.11'}
    dev: false

  /deprecation/2.3.1:
    resolution: {integrity: sha512-xmHIy4F3scKVwMsQ4WnVaS8bHOx0DmVwRywosKhaILI0ywMDWPtBSku2HNxRvF7jtwDRsoEwYQSfbxj8b7RlJQ==}
    dev: false

  /ecdsa-sig-formatter/1.0.11:
    resolution: {integrity: sha512-nagl3RYrbNv6kQkeJIpt6NJZy8twLB/2vtz6yN9Z4vRKHN4/QZJIEbqohALSgwKdnksuY3k5Addp5lg8sVoVcQ==}
    dependencies:
      safe-buffer: 5.2.1
    dev: false

  /fromentries/1.3.2:
    resolution: {integrity: sha512-cHEpEQHUg0f8XdtZCc2ZAhrHzKzT0MrFUTcvx+hfxYu7rGMDc5SKoXFh+n4YigxsHXRzc6OrCshdR1bWH6HHyg==}
    dev: false

  /indent-string/4.0.0:
    resolution: {integrity: sha512-EdDDZu4A2OyIK7Lr/2zG+w5jmbuk1DVBnEwREQvBzspBJkCEbRa8GxU1lghYcaGJCnRWibjDXlq779X1/y5xwg==}
    engines: {node: '>=8'}
    dev: false

  /is-plain-object/5.0.0:
    resolution: {integrity: sha512-VRSzKkbMm5jMDoKLbltAkFQ5Qr7VDiTFGXxYFXXowVj387GeGNOCsOH6Msy00SGZ3Fp84b1Naa1psqgcCIEP5Q==}
    engines: {node: '>=0.10.0'}
    dev: false

  /jsonwebtoken/8.5.1:
    resolution: {integrity: sha512-XjwVfRS6jTMsqYs0EsuJ4LGxXV14zQybNd4L2r0UvbVnSF9Af8x7p5MzbJ90Ioz/9TI41/hTCvznF/loiSzn8w==}
    engines: {node: '>=4', npm: '>=1.4.28'}
    dependencies:
      jws: 3.2.2
      lodash.includes: 4.3.0
      lodash.isboolean: 3.0.3
      lodash.isinteger: 4.0.4
      lodash.isnumber: 3.0.3
      lodash.isplainobject: 4.0.6
      lodash.isstring: 4.0.1
      lodash.once: 4.1.1
      ms: 2.1.3
      semver: 5.7.1
    dev: false

  /jwa/1.4.1:
    resolution: {integrity: sha512-qiLX/xhEEFKUAJ6FiBMbes3w9ATzyk5W7Hvzpa/SLYdxNtng+gcurvrI7TbACjIXlsJyr05/S1oUhZrc63evQA==}
    dependencies:
      buffer-equal-constant-time: 1.0.1
      ecdsa-sig-formatter: 1.0.11
      safe-buffer: 5.2.1
    dev: false

  /jws/3.2.2:
    resolution: {integrity: sha512-YHlZCB6lMTllWDtSPHz/ZXTsi8S00usEV6v1tjq8tOUZzw7DpSDWVXjXDre6ed1w/pd495ODpHZYSdkRTsa0HA==}
    dependencies:
      jwa: 1.4.1
      safe-buffer: 5.2.1
    dev: false

  /lodash.includes/4.3.0:
    resolution: {integrity: sha1-YLuYqHy5I8aMoeUTJUgzFISfVT8=}
    dev: false

  /lodash.isboolean/3.0.3:
    resolution: {integrity: sha1-bC4XHbKiV82WgC/UOwGyDV9YcPY=}
    dev: false

  /lodash.isinteger/4.0.4:
    resolution: {integrity: sha1-YZwK89A/iwTDH1iChAt3sRzWg0M=}
    dev: false

  /lodash.isnumber/3.0.3:
    resolution: {integrity: sha1-POdoEMWSjQM1IwGsKHMX8RwLH/w=}
    dev: false

  /lodash.isplainobject/4.0.6:
    resolution: {integrity: sha1-fFJqUtibRcRcxpC4gWO+BJf1UMs=}
    dev: false

  /lodash.isstring/4.0.1:
    resolution: {integrity: sha1-1SfftUVuynzJu5XV2ur4i6VKVFE=}
    dev: false

  /lodash.once/4.1.1:
    resolution: {integrity: sha1-DdOXEhPHxW34gJd9UEyI+0cal6w=}
    dev: false

  /lru-cache/6.0.0:
    resolution: {integrity: sha512-Jo6dJ04CmSjuznwJSS3pUeWmd/H0ffTlkXXgwZi+eq1UCmqQwCh+eLsYOYCwY991i2Fah4h1BEMCx4qThGbsiA==}
    engines: {node: '>=10'}
    dependencies:
      yallist: 4.0.0
    dev: false

  /ms/2.1.3:
    resolution: {integrity: sha512-6FlzubTLZG3J2a/NVCAleEhjzq5oxgHyaCU9yYXvcLsvoVaHJq/s5xXI6/XXP6tz7R9xAOtHnSO/tXtF3WRTlA==}
    dev: false

  /node-fetch/2.6.6:
    resolution: {integrity: sha512-Z8/6vRlTUChSdIgMa51jxQ4lrw/Jy5SOW10ObaA47/RElsAN2c5Pn8bTgFGWn/ibwzXTE8qwr1Yzx28vsecXEA==}
    engines: {node: 4.x || >=6.0.0}
    dependencies:
      whatwg-url: 5.0.0
    dev: false

  /octokit/1.7.0:
    resolution: {integrity: sha512-oxDHhPjxjKqUD8wa/2XMl7aqp/3ypihJVFxqEN8NbrtS6uAoa9i5KJmKuT1Nik1JuQHuCNeUqObrVKbIMBPMMQ==}
    dependencies:
      '@octokit/app': 12.0.5
      '@octokit/core': 3.5.1
      '@octokit/oauth-app': 3.6.0
      '@octokit/plugin-paginate-rest': 2.17.0_@octokit+core@3.5.1
      '@octokit/plugin-rest-endpoint-methods': 5.13.0_@octokit+core@3.5.1
      '@octokit/plugin-retry': 3.0.9
      '@octokit/plugin-throttling': 3.5.2_@octokit+core@3.5.1
      '@octokit/types': 6.34.0
    dev: false

  /once/1.4.0:
    resolution: {integrity: sha1-WDsap3WWHUsROsF9nFC6753Xa9E=}
    dependencies:
      wrappy: 1.0.2
    dev: false

  /safe-buffer/5.2.1:
    resolution: {integrity: sha512-rp3So07KcdmmKbGvgaNxQSJr7bGVSVk5S9Eq1F+ppbRo70+YeaDxkw5Dd8NPN+GD6bjnYm2VuPuCXmpuYvmCXQ==}
    dev: false

  /semver/5.7.1:
    resolution: {integrity: sha512-sauaDf/PZdVgrLTNYHRtpXa1iRiKcaebiKQ1BJdpQlWH2lCvexQdX55snPFyK7QzpudqbCI0qXFfOasHdyNDGQ==}
    hasBin: true
    dev: false

  /tr46/0.0.3:
    resolution: {integrity: sha1-gYT9NH2snNwYWZLzpmIuFLnZq2o=}
    dev: false

  /universal-github-app-jwt/1.1.0:
    resolution: {integrity: sha512-3b+ocAjjz4JTyqaOT+NNBd5BtTuvJTxWElIoeHSVelUV9J3Jp7avmQTdLKCaoqi/5Ox2o/q+VK19TJ233rVXVQ==}
    dependencies:
      '@types/jsonwebtoken': 8.5.5
      jsonwebtoken: 8.5.1
    dev: false

  /universal-user-agent/6.0.0:
    resolution: {integrity: sha512-isyNax3wXoKaulPDZWHQqbmIx1k2tb9fb3GGDBRxCscfYV2Ch7WxPArBsFEG8s/safwXTT7H4QGhaIkTp9447w==}
    dev: false

  /webidl-conversions/3.0.1:
    resolution: {integrity: sha1-JFNCdeKnvGvnvIZhHMFq4KVlSHE=}
    dev: false

  /whatwg-url/5.0.0:
    resolution: {integrity: sha1-lmRU6HZUYuN2RNNib2dCzotwll0=}
    dependencies:
      tr46: 0.0.3
      webidl-conversions: 3.0.1
    dev: false

  /wrappy/1.0.2:
    resolution: {integrity: sha1-tSQ9jz7BqjXxNkYFvA0QNuMKtp8=}
    dev: false

  /yallist/4.0.0:
    resolution: {integrity: sha512-3wdGidZyq5PB084XLES5TpOSRA3wjXAlIWMhum2kRcv/41Sn2emQ0dycQW4uZXLejwKvg6EsvbdlVL+FYEct7A==}
    dev: false
